
Microsoft Visual Studio Solution File, Format Version 12.00
# Visual Studio Version 17
VisualStudioVersion = 17.3.32825.248
MinimumVisualStudioVersion = 10.0.40219.1
Project("{FAE04EC0-301F-11D3-BF4B-00C04F79EFBC}") = "hw 06", "hw 06\hw 06.csproj", "{05CFEDF9-2AD5-49E3-943F-7DB63B61697D}"
EndProject
Global
	GlobalSection(SolutionConfigurationPlatforms) = preSolution
		Debug|Any CPU = Debug|Any CPU
		Release|Any CPU = Release|Any CPU
	EndGlobalSection
	GlobalSection(ProjectConfigurationPlatforms) = postSolution
		{05CFEDF9-2AD5-49E3-943F-7DB63B61697D}.Debug|Any CPU.ActiveCfg = Debug|Any CPU
		{05CFEDF9-2AD5-49E3-943F-7DB63B61697D}.Debug|Any CPU.Build.0 = Debug|Any CPU
		{05CFEDF9-2AD5-49E3-943F-7DB63B61697D}.Release|Any CPU.ActiveCfg = Release|Any CPU
		{05CFEDF9-2AD5-49E3-943F-7DB63B61697D}.Release|Any CPU.Build.0 = Release|Any CPU
	EndGlobalSection
	GlobalSection(SolutionProperties) = preSolution
		HideSolutionNode = FALSE
	EndGlobalSection
	GlobalSection(ExtensibilityGlobals) = postSolution
		SolutionGuid = {7CB8A20A-3D78-4CD7-8AB5-6351C890BF9F}
	EndGlobalSection
EndGlobal
